
Microsoft Visual Studio Solution File, Format Version 12.00
# Visual Studio Version 16
VisualStudioVersion = 16.0.31729.503
MinimumVisualStudioVersion = 10.0.40219.1
Project("{FAE04EC0-301F-11D3-BF4B-00C04F79EFBC}") = "Api_Teste", "Api_Teste\Api_Teste.csproj", "{D1FFD37D-BC2B-4200-ABE6-4FFC01A8DC5A}"
EndProject
Global
	GlobalSection(SolutionConfigurationPlatforms) = preSolution
		Debug|Any CPU = Debug|Any CPU
		Release|Any CPU = Release|Any CPU
	EndGlobalSection
	GlobalSection(ProjectConfigurationPlatforms) = postSolution
		{D1FFD37D-BC2B-4200-ABE6-4FFC01A8DC5A}.Debug|Any CPU.ActiveCfg = Debug|Any CPU
		{D1FFD37D-BC2B-4200-ABE6-4FFC01A8DC5A}.Debug|Any CPU.Build.0 = Debug|Any CPU
		{D1FFD37D-BC2B-4200-ABE6-4FFC01A8DC5A}.Release|Any CPU.ActiveCfg = Release|Any CPU
		{D1FFD37D-BC2B-4200-ABE6-4FFC01A8DC5A}.Release|Any CPU.Build.0 = Release|Any CPU
	EndGlobalSection
	GlobalSection(SolutionProperties) = preSolution
		HideSolutionNode = FALSE
	EndGlobalSection
	GlobalSection(ExtensibilityGlobals) = postSolution
		SolutionGuid = {FF8401C3-A082-42A6-916F-E7588AFA3FCB}
	EndGlobalSection
EndGlobal
